
Microsoft Visual Studio Solution File, Format Version 12.00
# Visual Studio Version 17
VisualStudioVersion = 17.5.33502.453
MinimumVisualStudioVersion = 10.0.40219.1
Project("{FAE04EC0-301F-11D3-BF4B-00C04F79EFBC}") = "FleetManagement", "FleetManagement.csproj", "{D13DA8F6-D303-458A-82F4-8B3B83CA6853}"
EndProject
Global
	GlobalSection(SolutionConfigurationPlatforms) = preSolution
		Debug|Any CPU = Debug|Any CPU
		Release|Any CPU = Release|Any CPU
	EndGlobalSection
	GlobalSection(ProjectConfigurationPlatforms) = postSolution
		{D13DA8F6-D303-458A-82F4-8B3B83CA6853}.Debug|Any CPU.ActiveCfg = Debug|Any CPU
		{D13DA8F6-D303-458A-82F4-8B3B83CA6853}.Debug|Any CPU.Build.0 = Debug|Any CPU
		{D13DA8F6-D303-458A-82F4-8B3B83CA6853}.Release|Any CPU.ActiveCfg = Release|Any CPU
		{D13DA8F6-D303-458A-82F4-8B3B83CA6853}.Release|Any CPU.Build.0 = Release|Any CPU
	EndGlobalSection
	GlobalSection(SolutionProperties) = preSolution
		HideSolutionNode = FALSE
	EndGlobalSection
	GlobalSection(ExtensibilityGlobals) = postSolution
		SolutionGuid = {229CDB40-B04E-41D9-A4BC-AF0C2F98A618}
	EndGlobalSection
EndGlobal
